// !$*UTF8*$!
{
	archiveVersion = 1;
	classes = {
	};
	objectVersion = 50;
	objects = {

/* Begin PBXBuildFile section */
		901251DB25F215F200E2B347 /* BackgroundLabel.swift in Sources */ = {isa = PBXBuildFile; fileRef = 901251DA25F215F200E2B347 /* BackgroundLabel.swift */; };
		901251E325F2254A00E2B347 /* SelectTableCollectionViewCell.swift in Sources */ = {isa = PBXBuildFile; fileRef = 901251E225F2254A00E2B347 /* SelectTableCollectionViewCell.swift */; };
		901251F125F249EF00E2B347 /* AdvancedSettingsViewController.swift in Sources */ = {isa = PBXBuildFile; fileRef = 901251F025F249EE00E2B347 /* AdvancedSettingsViewController.swift */; };
		901251F625F24F1200E2B347 /* SmallButton.swift in Sources */ = {isa = PBXBuildFile; fileRef = 901251F525F24F1200E2B347 /* SmallButton.swift */; };
		901EC25425E64477009405B2 /* RangeSliderStepsLayer.swift in Sources */ = {isa = PBXBuildFile; fileRef = 901EC25325E64477009405B2 /* RangeSliderStepsLayer.swift */; };
		9020D05925F0E6E00081CE9B /* ConfettiCanon.sks in Resources */ = {isa = PBXBuildFile; fileRef = 9020D05825F0E6E00081CE9B /* ConfettiCanon.sks */; };
		9020D05E25F0E8390081CE9B /* ConfettiRain.sks in Resources */ = {isa = PBXBuildFile; fileRef = 9020D05D25F0E8390081CE9B /* ConfettiRain.sks */; };
		9020D06325F0E90C0081CE9B /* ConfettiPop.sks in Resources */ = {isa = PBXBuildFile; fileRef = 9020D06225F0E90C0081CE9B /* ConfettiPop.sks */; };
		9020D06825F0EB8A0081CE9B /* ConfettiEmitterGenerator.swift in Sources */ = {isa = PBXBuildFile; fileRef = 9020D06725F0EB8A0081CE9B /* ConfettiEmitterGenerator.swift */; };
		9031640325EF96CE004A1727 /* background_house.png in Resources */ = {isa = PBXBuildFile; fileRef = 9031640225EF96CE004A1727 /* background_house.png */; };
		9031643025EFA498004A1727 /* Assets.xcassets in Resources */ = {isa = PBXBuildFile; fileRef = 9031642E25EFA498004A1727 /* Assets.xcassets */; };
		903FF08B25F4D10800726F66 /* Clouds.sks in Resources */ = {isa = PBXBuildFile; fileRef = 903FF08A25F4D10800726F66 /* Clouds.sks */; };
		906482ED25E199AB00646826 /* AppDelegate.swift in Sources */ = {isa = PBXBuildFile; fileRef = 906482EC25E199AB00646826 /* AppDelegate.swift */; };
		906482EF25E199AB00646826 /* SceneDelegate.swift in Sources */ = {isa = PBXBuildFile; fileRef = 906482EE25E199AB00646826 /* SceneDelegate.swift */; };
		906482F125E199AB00646826 /* MultiplicationViewController.swift in Sources */ = {isa = PBXBuildFile; fileRef = 906482F025E199AB00646826 /* MultiplicationViewController.swift */; };
		906482F425E199AB00646826 /* Main.storyboard in Resources */ = {isa = PBXBuildFile; fileRef = 906482F225E199AB00646826 /* Main.storyboard */; };
		906482F625E199AF00646826 /* Assets.xcassets in Resources */ = {isa = PBXBuildFile; fileRef = 906482F525E199AF00646826 /* Assets.xcassets */; };
		906482F925E199AF00646826 /* LaunchScreen.storyboard in Resources */ = {isa = PBXBuildFile; fileRef = 906482F725E199AF00646826 /* LaunchScreen.storyboard */; };
		9064830425E199AF00646826 /* Education_MultiplicationTests.swift in Sources */ = {isa = PBXBuildFile; fileRef = 9064830325E199AF00646826 /* Education_MultiplicationTests.swift */; };
		9064830F25E199AF00646826 /* Education_MultiplicationUITests.swift in Sources */ = {isa = PBXBuildFile; fileRef = 9064830E25E199AF00646826 /* Education_MultiplicationUITests.swift */; };
		9064832625E241AE00646826 /* AnimalsScene.swift in Sources */ = {isa = PBXBuildFile; fileRef = 9064832525E241AE00646826 /* AnimalsScene.swift */; };
		9065535C25E4FA75005FBEEF /* StepRangeSlider.swift in Sources */ = {isa = PBXBuildFile; fileRef = 9065535B25E4FA75005FBEEF /* StepRangeSlider.swift */; };
		9065536B25E61C25005FBEEF /* ThumbLayer.swift in Sources */ = {isa = PBXBuildFile; fileRef = 9065536A25E61C25005FBEEF /* ThumbLayer.swift */; };
		907AE3D925E4149B00F95452 /* MainMenuViewController.swift in Sources */ = {isa = PBXBuildFile; fileRef = 907AE3D825E4149B00F95452 /* MainMenuViewController.swift */; };
		907AE3DE25E41A2000F95452 /* GameSettingsViewController.swift in Sources */ = {isa = PBXBuildFile; fileRef = 907AE3DD25E41A2000F95452 /* GameSettingsViewController.swift */; };
		9090011025ED218900316814 /* Preferences.swift in Sources */ = {isa = PBXBuildFile; fileRef = 9090010F25ED218900316814 /* Preferences.swift */; };
		90AB89AA25E2753A006FEB04 /* AnswerButton.swift in Sources */ = {isa = PBXBuildFile; fileRef = 90AB89A925E2753A006FEB04 /* AnswerButton.swift */; };
		90AC273525E6317A00FBB37E /* ThumbView.swift in Sources */ = {isa = PBXBuildFile; fileRef = 90AC273425E6317A00FBB37E /* ThumbView.swift */; };
		90BC3B7C25E4DDEB00CC3111 /* HorizontalSlideNavigationAnimator.swift in Sources */ = {isa = PBXBuildFile; fileRef = 90BC3B7B25E4DDEB00CC3111 /* HorizontalSlideNavigationAnimator.swift */; };
		90BC3B8125E4EC1000CC3111 /* BigButton.swift in Sources */ = {isa = PBXBuildFile; fileRef = 90BC3B8025E4EC1000CC3111 /* BigButton.swift */; };
		90BD84AD25ED5FFF00C68771 /* StepperView.xib in Resources */ = {isa = PBXBuildFile; fileRef = 90BD84AC25ED5FFF00C68771 /* StepperView.xib */; };
		90BD84B225ED60A100C68771 /* StepperView.swift in Sources */ = {isa = PBXBuildFile; fileRef = 90BD84B125ED60A100C68771 /* StepperView.swift */; };
		90BD84BA25ED746600C68771 /* StepperButton.swift in Sources */ = {isa = PBXBuildFile; fileRef = 90BD84B925ED746600C68771 /* StepperButton.swift */; };
		90C2DF9C25ECF280006EE404 /* VerticalSlideNavigationAnimator.swift in Sources */ = {isa = PBXBuildFile; fileRef = 90C2DF9B25ECF280006EE404 /* VerticalSlideNavigationAnimator.swift */; };
		90CD559D25EE829300266878 /* background_grass.png in Resources */ = {isa = PBXBuildFile; fileRef = 90CD559925EE829300266878 /* background_grass.png */; };
		90CD559E25EE829300266878 /* background_desert.png in Resources */ = {isa = PBXBuildFile; fileRef = 90CD559A25EE829300266878 /* background_desert.png */; };
		90CD559F25EE829300266878 /* background_forest.png in Resources */ = {isa = PBXBuildFile; fileRef = 90CD559B25EE829300266878 /* background_forest.png */; };
		90CD55A025EE829300266878 /* background_fall.png in Resources */ = {isa = PBXBuildFile; fileRef = 90CD559C25EE829300266878 /* background_fall.png */; };
		90CD55A825EE8E3100266878 /* CloudScene.swift in Sources */ = {isa = PBXBuildFile; fileRef = 90CD55A725EE8E3100266878 /* CloudScene.swift */; };
		90CD55B425EE8EBE00266878 /* cloud8.png in Resources */ = {isa = PBXBuildFile; fileRef = 90CD55AC25EE8EBD00266878 /* cloud8.png */; };
		90CD55B525EE8EBE00266878 /* cloud1.png in Resources */ = {isa = PBXBuildFile; fileRef = 90CD55AD25EE8EBD00266878 /* cloud1.png */; };
		90CD55B625EE8EBE00266878 /* cloud6.png in Resources */ = {isa = PBXBuildFile; fileRef = 90CD55AE25EE8EBD00266878 /* cloud6.png */; };
		90CD55B725EE8EBE00266878 /* cloud2.png in Resources */ = {isa = PBXBuildFile; fileRef = 90CD55AF25EE8EBD00266878 /* cloud2.png */; };
		90CD55B825EE8EBE00266878 /* cloud5.png in Resources */ = {isa = PBXBuildFile; fileRef = 90CD55B025EE8EBD00266878 /* cloud5.png */; };
		90CD55B925EE8EBE00266878 /* cloud4.png in Resources */ = {isa = PBXBuildFile; fileRef = 90CD55B125EE8EBD00266878 /* cloud4.png */; };
		90CD55BA25EE8EBE00266878 /* cloud3.png in Resources */ = {isa = PBXBuildFile; fileRef = 90CD55B225EE8EBD00266878 /* cloud3.png */; };
		90CD55BB25EE8EBE00266878 /* cloud7.png in Resources */ = {isa = PBXBuildFile; fileRef = 90CD55B325EE8EBD00266878 /* cloud7.png */; };
		90D7667225EFFBF400297C3A /* moose.png in Resources */ = {isa = PBXBuildFile; fileRef = 90D7665425EFFBF200297C3A /* moose.png */; };
		90D7667325EFFBF400297C3A /* horse.png in Resources */ = {isa = PBXBuildFile; fileRef = 90D7665525EFFBF200297C3A /* horse.png */; };
		90D7667425EFFBF400297C3A /* bear.png in Resources */ = {isa = PBXBuildFile; fileRef = 90D7665625EFFBF200297C3A /* bear.png */; };
		90D7667525EFFBF400297C3A /* monkey.png in Resources */ = {isa = PBXBuildFile; fileRef = 90D7665725EFFBF200297C3A /* monkey.png */; };
		90D7667625EFFBF400297C3A /* penguin.png in Resources */ = {isa = PBXBuildFile; fileRef = 90D7665825EFFBF200297C3A /* penguin.png */; };
		90D7667725EFFBF400297C3A /* walrus.png in Resources */ = {isa = PBXBuildFile; fileRef = 90D7665925EFFBF200297C3A /* walrus.png */; };
		90D7667825EFFBF400297C3A /* snake.png in Resources */ = {isa = PBXBuildFile; fileRef = 90D7665A25EFFBF200297C3A /* snake.png */; };
		90D7667925EFFBF400297C3A /* owl.png in Resources */ = {isa = PBXBuildFile; fileRef = 90D7665B25EFFBF200297C3A /* owl.png */; };
		90D7667A25EFFBF400297C3A /* panda.png in Resources */ = {isa = PBXBuildFile; fileRef = 90D7665C25EFFBF200297C3A /* panda.png */; };
		90D7667B25EFFBF400297C3A /* crocodile.png in Resources */ = {isa = PBXBuildFile; fileRef = 90D7665D25EFFBF300297C3A /* crocodile.png */; };
		90D7667C25EFFBF400297C3A /* whale.png in Resources */ = {isa = PBXBuildFile; fileRef = 90D7665E25EFFBF300297C3A /* whale.png */; };
		90D7667D25EFFBF400297C3A /* frog.png in Resources */ = {isa = PBXBuildFile; fileRef = 90D7665F25EFFBF300297C3A /* frog.png */; };
		90D7667E25EFFBF400297C3A /* cow.png in Resources */ = {isa = PBXBuildFile; fileRef = 90D7666025EFFBF300297C3A /* cow.png */; };
		90D7667F25EFFBF400297C3A /* zebra.png in Resources */ = {isa = PBXBuildFile; fileRef = 90D7666125EFFBF300297C3A /* zebra.png */; };
		90D7668025EFFBF400297C3A /* buffalo.png in Resources */ = {isa = PBXBuildFile; fileRef = 90D7666225EFFBF300297C3A /* buffalo.png */; };
		90D7668125EFFBF500297C3A /* pig.png in Resources */ = {isa = PBXBuildFile; fileRef = 90D7666325EFFBF300297C3A /* pig.png */; };
		90D7668225EFFBF500297C3A /* rabbit.png in Resources */ = {isa = PBXBuildFile; fileRef = 90D7666425EFFBF300297C3A /* rabbit.png */; };
		90D7668325EFFBF500297C3A /* chicken.png in Resources */ = {isa = PBXBuildFile; fileRef = 90D7666525EFFBF300297C3A /* chicken.png */; };
		90D7668425EFFBF500297C3A /* giraffe.png in Resources */ = {isa = PBXBuildFile; fileRef = 90D7666625EFFBF300297C3A /* giraffe.png */; };
		90D7668525EFFBF500297C3A /* rhino.png in Resources */ = {isa = PBXBuildFile; fileRef = 90D7666725EFFBF300297C3A /* rhino.png */; };
		90D7668625EFFBF500297C3A /* chick.png in Resources */ = {isa = PBXBuildFile; fileRef = 90D7666825EFFBF400297C3A /* chick.png */; };
		90D7668725EFFBF500297C3A /* duck.png in Resources */ = {isa = PBXBuildFile; fileRef = 90D7666925EFFBF400297C3A /* duck.png */; };
		90D7668825EFFBF500297C3A /* sloth.png in Resources */ = {isa = PBXBuildFile; fileRef = 90D7666A25EFFBF400297C3A /* sloth.png */; };
		90D7668925EFFBF500297C3A /* gorilla.png in Resources */ = {isa = PBXBuildFile; fileRef = 90D7666B25EFFBF400297C3A /* gorilla.png */; };
		90D7668A25EFFBF500297C3A /* narwhal.png in Resources */ = {isa = PBXBuildFile; fileRef = 90D7666C25EFFBF400297C3A /* narwhal.png */; };
		90D7668B25EFFBF500297C3A /* parrot.png in Resources */ = {isa = PBXBuildFile; fileRef = 90D7666D25EFFBF400297C3A /* parrot.png */; };
		90D7668C25EFFBF500297C3A /* hippo.png in Resources */ = {isa = PBXBuildFile; fileRef = 90D7666E25EFFBF400297C3A /* hippo.png */; };
		90D7668D25EFFBF500297C3A /* elephant.png in Resources */ = {isa = PBXBuildFile; fileRef = 90D7666F25EFFBF400297C3A /* elephant.png */; };
		90D7668E25EFFBF500297C3A /* dog.png in Resources */ = {isa = PBXBuildFile; fileRef = 90D7667025EFFBF400297C3A /* dog.png */; };
		90D7668F25EFFBF500297C3A /* goat.png in Resources */ = {isa = PBXBuildFile; fileRef = 90D7667125EFFBF400297C3A /* goat.png */; };
		90E4543725E2A16E00A294FA /* Multiplication.swift in Sources */ = {isa = PBXBuildFile; fileRef = 90E4543625E2A16E00A294FA /* Multiplication.swift */; };
		90EF053325F644DA0045D3D6 /* EndView.xib in Resources */ = {isa = PBXBuildFile; fileRef = 90EF053225F644DA0045D3D6 /* EndView.xib */; };
		90EF053E25F645170045D3D6 /* EndView.swift in Sources */ = {isa = PBXBuildFile; fileRef = 90EF053D25F645170045D3D6 /* EndView.swift */; };
/* End PBXBuildFile section */

/* Begin PBXContainerItemProxy section */
		9064830025E199AF00646826 /* PBXContainerItemProxy */ = {
			isa = PBXContainerItemProxy;
			containerPortal = 906482E125E199AB00646826 /* Project object */;
			proxyType = 1;
			remoteGlobalIDString = 906482E825E199AB00646826;
			remoteInfo = "Education-Multiplication";
		};
		9064830B25E199AF00646826 /* PBXContainerItemProxy */ = {
			isa = PBXContainerItemProxy;
			containerPortal = 906482E125E199AB00646826 /* Project object */;
			proxyType = 1;
			remoteGlobalIDString = 906482E825E199AB00646826;
			remoteInfo = "Education-Multiplication";
		};
/* End PBXContainerItemProxy section */

/* Begin PBXFileReference section */
		901251DA25F215F200E2B347 /* BackgroundLabel.swift */ = {isa = PBXFileReference; lastKnownFileType = sourcecode.swift; path = BackgroundLabel.swift; sourceTree = "<group>"; };
		901251E225F2254A00E2B347 /* SelectTableCollectionViewCell.swift */ = {isa = PBXFileReference; lastKnownFileType = sourcecode.swift; path = SelectTableCollectionViewCell.swift; sourceTree = "<group>"; };
		901251F025F249EE00E2B347 /* AdvancedSettingsViewController.swift */ = {isa = PBXFileReference; lastKnownFileType = sourcecode.swift; path = AdvancedSettingsViewController.swift; sourceTree = "<group>"; };
		901251F525F24F1200E2B347 /* SmallButton.swift */ = {isa = PBXFileReference; lastKnownFileType = sourcecode.swift; path = SmallButton.swift; sourceTree = "<group>"; };
		901EC25325E64477009405B2 /* RangeSliderStepsLayer.swift */ = {isa = PBXFileReference; lastKnownFileType = sourcecode.swift; path = RangeSliderStepsLayer.swift; sourceTree = "<group>"; };
		9020D05825F0E6E00081CE9B /* ConfettiCanon.sks */ = {isa = PBXFileReference; lastKnownFileType = file.sks; path = ConfettiCanon.sks; sourceTree = "<group>"; };
		9020D05D25F0E8390081CE9B /* ConfettiRain.sks */ = {isa = PBXFileReference; lastKnownFileType = file.sks; path = ConfettiRain.sks; sourceTree = "<group>"; };
		9020D06225F0E90C0081CE9B /* ConfettiPop.sks */ = {isa = PBXFileReference; lastKnownFileType = file.sks; path = ConfettiPop.sks; sourceTree = "<group>"; };
		9020D06725F0EB8A0081CE9B /* ConfettiEmitterGenerator.swift */ = {isa = PBXFileReference; lastKnownFileType = sourcecode.swift; path = ConfettiEmitterGenerator.swift; sourceTree = "<group>"; };
		9031640225EF96CE004A1727 /* background_house.png */ = {isa = PBXFileReference; lastKnownFileType = image.png; path = background_house.png; sourceTree = "<group>"; };
		9031642E25EFA498004A1727 /* Assets.xcassets */ = {isa = PBXFileReference; lastKnownFileType = folder.assetcatalog; path = Assets.xcassets; sourceTree = "<group>"; };
		903FF08A25F4D10800726F66 /* Clouds.sks */ = {isa = PBXFileReference; lastKnownFileType = file.sks; path = Clouds.sks; sourceTree = "<group>"; };
		906482E925E199AB00646826 /* Education-Multiplication.app */ = {isa = PBXFileReference; explicitFileType = wrapper.application; includeInIndex = 0; path = "Education-Multiplication.app"; sourceTree = BUILT_PRODUCTS_DIR; };
		906482EC25E199AB00646826 /* AppDelegate.swift */ = {isa = PBXFileReference; lastKnownFileType = sourcecode.swift; path = AppDelegate.swift; sourceTree = "<group>"; };
		906482EE25E199AB00646826 /* SceneDelegate.swift */ = {isa = PBXFileReference; lastKnownFileType = sourcecode.swift; path = SceneDelegate.swift; sourceTree = "<group>"; };
		906482F025E199AB00646826 /* MultiplicationViewController.swift */ = {isa = PBXFileReference; lastKnownFileType = sourcecode.swift; path = MultiplicationViewController.swift; sourceTree = "<group>"; };
		906482F325E199AB00646826 /* Base */ = {isa = PBXFileReference; lastKnownFileType = file.storyboard; name = Base; path = Base.lproj/Main.storyboard; sourceTree = "<group>"; };
		906482F525E199AF00646826 /* Assets.xcassets */ = {isa = PBXFileReference; lastKnownFileType = folder.assetcatalog; path = Assets.xcassets; sourceTree = "<group>"; };
		906482F825E199AF00646826 /* Base */ = {isa = PBXFileReference; lastKnownFileType = file.storyboard; name = Base; path = Base.lproj/LaunchScreen.storyboard; sourceTree = "<group>"; };
		906482FA25E199AF00646826 /* Info.plist */ = {isa = PBXFileReference; lastKnownFileType = text.plist.xml; path = Info.plist; sourceTree = "<group>"; };
		906482FF25E199AF00646826 /* Education-MultiplicationTests.xctest */ = {isa = PBXFileReference; explicitFileType = wrapper.cfbundle; includeInIndex = 0; path = "Education-MultiplicationTests.xctest"; sourceTree = BUILT_PRODUCTS_DIR; };
		9064830325E199AF00646826 /* Education_MultiplicationTests.swift */ = {isa = PBXFileReference; lastKnownFileType = sourcecode.swift; path = Education_MultiplicationTests.swift; sourceTree = "<group>"; };
		9064830525E199AF00646826 /* Info.plist */ = {isa = PBXFileReference; lastKnownFileType = text.plist.xml; path = Info.plist; sourceTree = "<group>"; };
		9064830A25E199AF00646826 /* Education-MultiplicationUITests.xctest */ = {isa = PBXFileReference; explicitFileType = wrapper.cfbundle; includeInIndex = 0; path = "Education-MultiplicationUITests.xctest"; sourceTree = BUILT_PRODUCTS_DIR; };
		9064830E25E199AF00646826 /* Education_MultiplicationUITests.swift */ = {isa = PBXFileReference; lastKnownFileType = sourcecode.swift; path = Education_MultiplicationUITests.swift; sourceTree = "<group>"; };
		9064831025E199AF00646826 /* Info.plist */ = {isa = PBXFileReference; lastKnownFileType = text.plist.xml; path = Info.plist; sourceTree = "<group>"; };
		9064832525E241AE00646826 /* AnimalsScene.swift */ = {isa = PBXFileReference; lastKnownFileType = sourcecode.swift; path = AnimalsScene.swift; sourceTree = "<group>"; };
		9065535B25E4FA75005FBEEF /* StepRangeSlider.swift */ = {isa = PBXFileReference; lastKnownFileType = sourcecode.swift; path = StepRangeSlider.swift; sourceTree = "<group>"; };
		9065536A25E61C25005FBEEF /* ThumbLayer.swift */ = {isa = PBXFileReference; lastKnownFileType = sourcecode.swift; path = ThumbLayer.swift; sourceTree = "<group>"; };
		907AE3D825E4149B00F95452 /* MainMenuViewController.swift */ = {isa = PBXFileReference; lastKnownFileType = sourcecode.swift; path = MainMenuViewController.swift; sourceTree = "<group>"; };
		907AE3DD25E41A2000F95452 /* GameSettingsViewController.swift */ = {isa = PBXFileReference; lastKnownFileType = sourcecode.swift; path = GameSettingsViewController.swift; sourceTree = "<group>"; };
		9090010F25ED218900316814 /* Preferences.swift */ = {isa = PBXFileReference; lastKnownFileType = sourcecode.swift; path = Preferences.swift; sourceTree = "<group>"; };
		90AB89A925E2753A006FEB04 /* AnswerButton.swift */ = {isa = PBXFileReference; lastKnownFileType = sourcecode.swift; path = AnswerButton.swift; sourceTree = "<group>"; };
		90AC273425E6317A00FBB37E /* ThumbView.swift */ = {isa = PBXFileReference; lastKnownFileType = sourcecode.swift; path = ThumbView.swift; sourceTree = "<group>"; };
		90BC3B7B25E4DDEB00CC3111 /* HorizontalSlideNavigationAnimator.swift */ = {isa = PBXFileReference; lastKnownFileType = sourcecode.swift; path = HorizontalSlideNavigationAnimator.swift; sourceTree = "<group>"; };
		90BC3B8025E4EC1000CC3111 /* BigButton.swift */ = {isa = PBXFileReference; lastKnownFileType = sourcecode.swift; path = BigButton.swift; sourceTree = "<group>"; };
		90BD84AC25ED5FFF00C68771 /* StepperView.xib */ = {isa = PBXFileReference; lastKnownFileType = file.xib; path = StepperView.xib; sourceTree = "<group>"; };
		90BD84B125ED60A100C68771 /* StepperView.swift */ = {isa = PBXFileReference; lastKnownFileType = sourcecode.swift; path = StepperView.swift; sourceTree = "<group>"; };
		90BD84B925ED746600C68771 /* StepperButton.swift */ = {isa = PBXFileReference; lastKnownFileType = sourcecode.swift; path = StepperButton.swift; sourceTree = "<group>"; };
		90C2DF9B25ECF280006EE404 /* VerticalSlideNavigationAnimator.swift */ = {isa = PBXFileReference; lastKnownFileType = sourcecode.swift; path = VerticalSlideNavigationAnimator.swift; sourceTree = "<group>"; };
		90CD559925EE829300266878 /* background_grass.png */ = {isa = PBXFileReference; lastKnownFileType = image.png; path = background_grass.png; sourceTree = "<group>"; };
		90CD559A25EE829300266878 /* background_desert.png */ = {isa = PBXFileReference; lastKnownFileType = image.png; path = background_desert.png; sourceTree = "<group>"; };
		90CD559B25EE829300266878 /* background_forest.png */ = {isa = PBXFileReference; lastKnownFileType = image.png; path = background_forest.png; sourceTree = "<group>"; };
		90CD559C25EE829300266878 /* background_fall.png */ = {isa = PBXFileReference; lastKnownFileType = image.png; path = background_fall.png; sourceTree = "<group>"; };
		90CD55A725EE8E3100266878 /* CloudScene.swift */ = {isa = PBXFileReference; lastKnownFileType = sourcecode.swift; path = CloudScene.swift; sourceTree = "<group>"; };
		90CD55AC25EE8EBD00266878 /* cloud8.png */ = {isa = PBXFileReference; lastKnownFileType = image.png; path = cloud8.png; sourceTree = "<group>"; };
		90CD55AD25EE8EBD00266878 /* cloud1.png */ = {isa = PBXFileReference; lastKnownFileType = image.png; path = cloud1.png; sourceTree = "<group>"; };
		90CD55AE25EE8EBD00266878 /* cloud6.png */ = {isa = PBXFileReference; lastKnownFileType = image.png; path = cloud6.png; sourceTree = "<group>"; };
		90CD55AF25EE8EBD00266878 /* cloud2.png */ = {isa = PBXFileReference; lastKnownFileType = image.png; path = cloud2.png; sourceTree = "<group>"; };
		90CD55B025EE8EBD00266878 /* cloud5.png */ = {isa = PBXFileReference; lastKnownFileType = image.png; path = cloud5.png; sourceTree = "<group>"; };
		90CD55B125EE8EBD00266878 /* cloud4.png */ = {isa = PBXFileReference; lastKnownFileType = image.png; path = cloud4.png; sourceTree = "<group>"; };
		90CD55B225EE8EBD00266878 /* cloud3.png */ = {isa = PBXFileReference; lastKnownFileType = image.png; path = cloud3.png; sourceTree = "<group>"; };
		90CD55B325EE8EBD00266878 /* cloud7.png */ = {isa = PBXFileReference; lastKnownFileType = image.png; path = cloud7.png; sourceTree = "<group>"; };
		90D7665425EFFBF200297C3A /* moose.png */ = {isa = PBXFileReference; lastKnownFileType = image.png; path = moose.png; sourceTree = "<group>"; };
		90D7665525EFFBF200297C3A /* horse.png */ = {isa = PBXFileReference; lastKnownFileType = image.png; path = horse.png; sourceTree = "<group>"; };
		90D7665625EFFBF200297C3A /* bear.png */ = {isa = PBXFileReference; lastKnownFileType = image.png; path = bear.png; sourceTree = "<group>"; };
		90D7665725EFFBF200297C3A /* monkey.png */ = {isa = PBXFileReference; lastKnownFileType = image.png; path = monkey.png; sourceTree = "<group>"; };
		90D7665825EFFBF200297C3A /* penguin.png */ = {isa = PBXFileReference; lastKnownFileType = image.png; path = penguin.png; sourceTree = "<group>"; };
		90D7665925EFFBF200297C3A /* walrus.png */ = {isa = PBXFileReference; lastKnownFileType = image.png; path = walrus.png; sourceTree = "<group>"; };
		90D7665A25EFFBF200297C3A /* snake.png */ = {isa = PBXFileReference; lastKnownFileType = image.png; path = snake.png; sourceTree = "<group>"; };
		90D7665B25EFFBF200297C3A /* owl.png */ = {isa = PBXFileReference; lastKnownFileType = image.png; path = owl.png; sourceTree = "<group>"; };
		90D7665C25EFFBF200297C3A /* panda.png */ = {isa = PBXFileReference; lastKnownFileType = image.png; path = panda.png; sourceTree = "<group>"; };
		90D7665D25EFFBF300297C3A /* crocodile.png */ = {isa = PBXFileReference; lastKnownFileType = image.png; path = crocodile.png; sourceTree = "<group>"; };
		90D7665E25EFFBF300297C3A /* whale.png */ = {isa = PBXFileReference; lastKnownFileType = image.png; path = whale.png; sourceTree = "<group>"; };
		90D7665F25EFFBF300297C3A /* frog.png */ = {isa = PBXFileReference; lastKnownFileType = image.png; path = frog.png; sourceTree = "<group>"; };
		90D7666025EFFBF300297C3A /* cow.png */ = {isa = PBXFileReference; lastKnownFileType = image.png; path = cow.png; sourceTree = "<group>"; };
		90D7666125EFFBF300297C3A /* zebra.png */ = {isa = PBXFileReference; lastKnownFileType = image.png; path = zebra.png; sourceTree = "<group>"; };
		90D7666225EFFBF300297C3A /* buffalo.png */ = {isa = PBXFileReference; lastKnownFileType = image.png; path = buffalo.png; sourceTree = "<group>"; };
		90D7666325EFFBF300297C3A /* pig.png */ = {isa = PBXFileReference; lastKnownFileType = image.png; path = pig.png; sourceTree = "<group>"; };
		90D7666425EFFBF300297C3A /* rabbit.png */ = {isa = PBXFileReference; lastKnownFileType = image.png; path = rabbit.png; sourceTree = "<group>"; };
		90D7666525EFFBF300297C3A /* chicken.png */ = {isa = PBXFileReference; lastKnownFileType = image.png; path = chicken.png; sourceTree = "<group>"; };
		90D7666625EFFBF300297C3A /* giraffe.png */ = {isa = PBXFileReference; lastKnownFileType = image.png; path = giraffe.png; sourceTree = "<group>"; };
		90D7666725EFFBF300297C3A /* rhino.png */ = {isa = PBXFileReference; lastKnownFileType = image.png; path = rhino.png; sourceTree = "<group>"; };
		90D7666825EFFBF400297C3A /* chick.png */ = {isa = PBXFileReference; lastKnownFileType = image.png; path = chick.png; sourceTree = "<group>"; };
		90D7666925EFFBF400297C3A /* duck.png */ = {isa = PBXFileReference; lastKnownFileType = image.png; path = duck.png; sourceTree = "<group>"; };
		90D7666A25EFFBF400297C3A /* sloth.png */ = {isa = PBXFileReference; lastKnownFileType = image.png; path = sloth.png; sourceTree = "<group>"; };
		90D7666B25EFFBF400297C3A /* gorilla.png */ = {isa = PBXFileReference; lastKnownFileType = image.png; path = gorilla.png; sourceTree = "<group>"; };
		90D7666C25EFFBF400297C3A /* narwhal.png */ = {isa = PBXFileReference; lastKnownFileType = image.png; path = narwhal.png; sourceTree = "<group>"; };
		90D7666D25EFFBF400297C3A /* parrot.png */ = {isa = PBXFileReference; lastKnownFileType = image.png; path = parrot.png; sourceTree = "<group>"; };
		90D7666E25EFFBF400297C3A /* hippo.png */ = {isa = PBXFileReference; lastKnownFileType = image.png; path = hippo.png; sourceTree = "<group>"; };
		90D7666F25EFFBF400297C3A /* elephant.png */ = {isa = PBXFileReference; lastKnownFileType = image.png; path = elephant.png; sourceTree = "<group>"; };
		90D7667025EFFBF400297C3A /* dog.png */ = {isa = PBXFileReference; lastKnownFileType = image.png; path = dog.png; sourceTree = "<group>"; };
		90D7667125EFFBF400297C3A /* goat.png */ = {isa = PBXFileReference; lastKnownFileType = image.png; path = goat.png; sourceTree = "<group>"; };
		90E4543625E2A16E00A294FA /* Multiplication.swift */ = {isa = PBXFileReference; lastKnownFileType = sourcecode.swift; path = Multiplication.swift; sourceTree = "<group>"; };
		90EF053225F644DA0045D3D6 /* EndView.xib */ = {isa = PBXFileReference; lastKnownFileType = file.xib; path = EndView.xib; sourceTree = "<group>"; };
		90EF053D25F645170045D3D6 /* EndView.swift */ = {isa = PBXFileReference; lastKnownFileType = sourcecode.swift; path = EndView.swift; sourceTree = "<group>"; };
/* End PBXFileReference section */

/* Begin PBXFrameworksBuildPhase section */
		906482E625E199AB00646826 /* Frameworks */ = {
			isa = PBXFrameworksBuildPhase;
			buildActionMask = 2147483647;
			files = (
			);
			runOnlyForDeploymentPostprocessing = 0;
		};
		906482FC25E199AF00646826 /* Frameworks */ = {
			isa = PBXFrameworksBuildPhase;
			buildActionMask = 2147483647;
			files = (
			);
			runOnlyForDeploymentPostprocessing = 0;
		};
		9064830725E199AF00646826 /* Frameworks */ = {
			isa = PBXFrameworksBuildPhase;
			buildActionMask = 2147483647;
			files = (
			);
			runOnlyForDeploymentPostprocessing = 0;
		};
/* End PBXFrameworksBuildPhase section */

/* Begin PBXGroup section */
		906482E025E199AB00646826 = {
			isa = PBXGroup;
			children = (
				906482EB25E199AB00646826 /* Education-Multiplication */,
				9064830225E199AF00646826 /* Education-MultiplicationTests */,
				9064830D25E199AF00646826 /* Education-MultiplicationUITests */,
				906482EA25E199AB00646826 /* Products */,
			);
			sourceTree = "<group>";
		};
		906482EA25E199AB00646826 /* Products */ = {
			isa = PBXGroup;
			children = (
				906482E925E199AB00646826 /* Education-Multiplication.app */,
				906482FF25E199AF00646826 /* Education-MultiplicationTests.xctest */,
				9064830A25E199AF00646826 /* Education-MultiplicationUITests.xctest */,
			);
			name = Products;
			sourceTree = "<group>";
		};
		906482EB25E199AB00646826 /* Education-Multiplication */ = {
			isa = PBXGroup;
			children = (
				906482EC25E199AB00646826 /* AppDelegate.swift */,
				906482EE25E199AB00646826 /* SceneDelegate.swift */,
				90AC273925E6363900FBB37E /* Controllers */,
				9065536925E61BE5005FBEEF /* Views */,
				90CD55C025EE8EE300266878 /* Scenes */,
				90E4543625E2A16E00A294FA /* Multiplication.swift */,
				9090010F25ED218900316814 /* Preferences.swift */,
				906482F225E199AB00646826 /* Main.storyboard */,
				90BD84AC25ED5FFF00C68771 /* StepperView.xib */,
				90EF053225F644DA0045D3D6 /* EndView.xib */,
				906482F525E199AF00646826 /* Assets.xcassets */,
				90CD559525EE826800266878 /* Sprites */,
				906482F725E199AF00646826 /* LaunchScreen.storyboard */,
				906482FA25E199AF00646826 /* Info.plist */,
			);
			path = "Education-Multiplication";
			sourceTree = "<group>";
		};
		9064830225E199AF00646826 /* Education-MultiplicationTests */ = {
			isa = PBXGroup;
			children = (
				9064830325E199AF00646826 /* Education_MultiplicationTests.swift */,
				9064830525E199AF00646826 /* Info.plist */,
			);
			path = "Education-MultiplicationTests";
			sourceTree = "<group>";
		};
		9064830D25E199AF00646826 /* Education-MultiplicationUITests */ = {
			isa = PBXGroup;
			children = (
				9064830E25E199AF00646826 /* Education_MultiplicationUITests.swift */,
				9064831025E199AF00646826 /* Info.plist */,
			);
			path = "Education-MultiplicationUITests";
			sourceTree = "<group>";
		};
		9065536925E61BE5005FBEEF /* Views */ = {
			isa = PBXGroup;
			children = (
				90BC3B8025E4EC1000CC3111 /* BigButton.swift */,
				90BD84B925ED746600C68771 /* StepperButton.swift */,
				901251F525F24F1200E2B347 /* SmallButton.swift */,
				90AB89A925E2753A006FEB04 /* AnswerButton.swift */,
				9065535B25E4FA75005FBEEF /* StepRangeSlider.swift */,
				901EC25325E64477009405B2 /* RangeSliderStepsLayer.swift */,
				90AC273425E6317A00FBB37E /* ThumbView.swift */,
				9065536A25E61C25005FBEEF /* ThumbLayer.swift */,
				90BD84B125ED60A100C68771 /* StepperView.swift */,
				901251DA25F215F200E2B347 /* BackgroundLabel.swift */,
				901251E225F2254A00E2B347 /* SelectTableCollectionViewCell.swift */,
				90EF053D25F645170045D3D6 /* EndView.swift */,
			);
			path = Views;
			sourceTree = "<group>";
		};
		90AC273925E6363900FBB37E /* Controllers */ = {
			isa = PBXGroup;
			children = (
				90C2DFA325ECF296006EE404 /* Navigation animators */,
				906482F025E199AB00646826 /* MultiplicationViewController.swift */,
				907AE3D825E4149B00F95452 /* MainMenuViewController.swift */,
				907AE3DD25E41A2000F95452 /* GameSettingsViewController.swift */,
				901251F025F249EE00E2B347 /* AdvancedSettingsViewController.swift */,
			);
			path = Controllers;
			sourceTree = "<group>";
		};
		90C2DFA325ECF296006EE404 /* Navigation animators */ = {
			isa = PBXGroup;
			children = (
				90BC3B7B25E4DDEB00CC3111 /* HorizontalSlideNavigationAnimator.swift */,
				90C2DF9B25ECF280006EE404 /* VerticalSlideNavigationAnimator.swift */,
			);
			path = "Navigation animators";
			sourceTree = "<group>";
		};
		90C2E67825EFEA6400EFA481 /* Animals */ = {
			isa = PBXGroup;
			children = (
				90D7665625EFFBF200297C3A /* bear.png */,
				90D7666225EFFBF300297C3A /* buffalo.png */,
				90D7666825EFFBF400297C3A /* chick.png */,
				90D7666525EFFBF300297C3A /* chicken.png */,
				90D7666025EFFBF300297C3A /* cow.png */,
				90D7665D25EFFBF300297C3A /* crocodile.png */,
				90D7667025EFFBF400297C3A /* dog.png */,
				90D7666925EFFBF400297C3A /* duck.png */,
				90D7666F25EFFBF400297C3A /* elephant.png */,
				90D7665F25EFFBF300297C3A /* frog.png */,
				90D7666625EFFBF300297C3A /* giraffe.png */,
				90D7667125EFFBF400297C3A /* goat.png */,
				90D7666B25EFFBF400297C3A /* gorilla.png */,
				90D7666E25EFFBF400297C3A /* hippo.png */,
				90D7665525EFFBF200297C3A /* horse.png */,
				90D7665725EFFBF200297C3A /* monkey.png */,
				90D7665425EFFBF200297C3A /* moose.png */,
				90D7666C25EFFBF400297C3A /* narwhal.png */,
				90D7665B25EFFBF200297C3A /* owl.png */,
				90D7665C25EFFBF200297C3A /* panda.png */,
				90D7666D25EFFBF400297C3A /* parrot.png */,
				90D7665825EFFBF200297C3A /* penguin.png */,
				90D7666325EFFBF300297C3A /* pig.png */,
				90D7666425EFFBF300297C3A /* rabbit.png */,
				90D7666725EFFBF300297C3A /* rhino.png */,
				90D7666A25EFFBF400297C3A /* sloth.png */,
				90D7665A25EFFBF200297C3A /* snake.png */,
				90D7665925EFFBF200297C3A /* walrus.png */,
				90D7665E25EFFBF300297C3A /* whale.png */,
				90D7666125EFFBF300297C3A /* zebra.png */,
			);
			path = Animals;
			sourceTree = "<group>";
		};
		90CD559525EE826800266878 /* Sprites */ = {
			isa = PBXGroup;
			children = (
				90C2E67825EFEA6400EFA481 /* Animals */,
				90CD55BF25EE8EC400266878 /* Clouds */,
				90CD559A25EE829300266878 /* background_desert.png */,
				90CD559C25EE829300266878 /* background_fall.png */,
				90CD559B25EE829300266878 /* background_forest.png */,
				90CD559925EE829300266878 /* background_grass.png */,
				9031640225EF96CE004A1727 /* background_house.png */,
			);
			path = Sprites;
			sourceTree = "<group>";
		};
		90CD55BF25EE8EC400266878 /* Clouds */ = {
			isa = PBXGroup;
			children = (
				90CD55AD25EE8EBD00266878 /* cloud1.png */,
				90CD55AF25EE8EBD00266878 /* cloud2.png */,
				90CD55B225EE8EBD00266878 /* cloud3.png */,
				90CD55B125EE8EBD00266878 /* cloud4.png */,
				90CD55B025EE8EBD00266878 /* cloud5.png */,
				90CD55AE25EE8EBD00266878 /* cloud6.png */,
				90CD55B325EE8EBD00266878 /* cloud7.png */,
				90CD55AC25EE8EBD00266878 /* cloud8.png */,
			);
			path = Clouds;
			sourceTree = "<group>";
		};
		90CD55C025EE8EE300266878 /* Scenes */ = {
			isa = PBXGroup;
			children = (
				9031642E25EFA498004A1727 /* Assets.xcassets */,
				9064832525E241AE00646826 /* AnimalsScene.swift */,
				9020D06725F0EB8A0081CE9B /* ConfettiEmitterGenerator.swift */,
				90CD55A725EE8E3100266878 /* CloudScene.swift */,
				9020D05825F0E6E00081CE9B /* ConfettiCanon.sks */,
				9020D05D25F0E8390081CE9B /* ConfettiRain.sks */,
				9020D06225F0E90C0081CE9B /* ConfettiPop.sks */,
				903FF08A25F4D10800726F66 /* Clouds.sks */,
			);
			path = Scenes;
			sourceTree = "<group>";
		};
/* End PBXGroup section */

/* Begin PBXNativeTarget section */
		906482E825E199AB00646826 /* Education-Multiplication */ = {
			isa = PBXNativeTarget;
			buildConfigurationList = 9064831325E199AF00646826 /* Build configuration list for PBXNativeTarget "Education-Multiplication" */;
			buildPhases = (
				906482E525E199AB00646826 /* Sources */,
				906482E625E199AB00646826 /* Frameworks */,
				906482E725E199AB00646826 /* Resources */,
			);
			buildRules = (
			);
			dependencies = (
			);
			name = "Education-Multiplication";
			productName = "Education-Multiplication";
			productReference = 906482E925E199AB00646826 /* Education-Multiplication.app */;
			productType = "com.apple.product-type.application";
		};
		906482FE25E199AF00646826 /* Education-MultiplicationTests */ = {
			isa = PBXNativeTarget;
			buildConfigurationList = 9064831625E199AF00646826 /* Build configuration list for PBXNativeTarget "Education-MultiplicationTests" */;
			buildPhases = (
				906482FB25E199AF00646826 /* Sources */,
				906482FC25E199AF00646826 /* Frameworks */,
				906482FD25E199AF00646826 /* Resources */,
			);
			buildRules = (
			);
			dependencies = (
				9064830125E199AF00646826 /* PBXTargetDependency */,
			);
			name = "Education-MultiplicationTests";
			productName = "Education-MultiplicationTests";
			productReference = 906482FF25E199AF00646826 /* Education-MultiplicationTests.xctest */;
			productType = "com.apple.product-type.bundle.unit-test";
		};
		9064830925E199AF00646826 /* Education-MultiplicationUITests */ = {
			isa = PBXNativeTarget;
			buildConfigurationList = 9064831925E199AF00646826 /* Build configuration list for PBXNativeTarget "Education-MultiplicationUITests" */;
			buildPhases = (
				9064830625E199AF00646826 /* Sources */,
				9064830725E199AF00646826 /* Frameworks */,
				9064830825E199AF00646826 /* Resources */,
			);
			buildRules = (
			);
			dependencies = (
				9064830C25E199AF00646826 /* PBXTargetDependency */,
			);
			name = "Education-MultiplicationUITests";
			productName = "Education-MultiplicationUITests";
			productReference = 9064830A25E199AF00646826 /* Education-MultiplicationUITests.xctest */;
			productType = "com.apple.product-type.bundle.ui-testing";
		};
/* End PBXNativeTarget section */

/* Begin PBXProject section */
		906482E125E199AB00646826 /* Project object */ = {
			isa = PBXProject;
			attributes = {
				LastSwiftUpdateCheck = 1240;
				LastUpgradeCheck = 1240;
				TargetAttributes = {
					906482E825E199AB00646826 = {
						CreatedOnToolsVersion = 12.4;
					};
					906482FE25E199AF00646826 = {
						CreatedOnToolsVersion = 12.4;
						TestTargetID = 906482E825E199AB00646826;
					};
					9064830925E199AF00646826 = {
						CreatedOnToolsVersion = 12.4;
						TestTargetID = 906482E825E199AB00646826;
					};
				};
			};
			buildConfigurationList = 906482E425E199AB00646826 /* Build configuration list for PBXProject "Education-Multiplication" */;
			compatibilityVersion = "Xcode 9.3";
			developmentRegion = en;
			hasScannedForEncodings = 0;
			knownRegions = (
				en,
				Base,
			);
			mainGroup = 906482E025E199AB00646826;
			productRefGroup = 906482EA25E199AB00646826 /* Products */;
			projectDirPath = "";
			projectRoot = "";
			targets = (
				906482E825E199AB00646826 /* Education-Multiplication */,
				906482FE25E199AF00646826 /* Education-MultiplicationTests */,
				9064830925E199AF00646826 /* Education-MultiplicationUITests */,
			);
		};
/* End PBXProject section */

/* Begin PBXResourcesBuildPhase section */
		906482E725E199AB00646826 /* Resources */ = {
			isa = PBXResourcesBuildPhase;
			buildActionMask = 2147483647;
			files = (
				90D7668025EFFBF400297C3A /* buffalo.png in Resources */,
				90CD55B425EE8EBE00266878 /* cloud8.png in Resources */,
				90CD55A025EE829300266878 /* background_fall.png in Resources */,
				9020D05E25F0E8390081CE9B /* ConfettiRain.sks in Resources */,
				90D7667925EFFBF400297C3A /* owl.png in Resources */,
				90CD55B825EE8EBE00266878 /* cloud5.png in Resources */,
				90D7667725EFFBF400297C3A /* walrus.png in Resources */,
				90D7667225EFFBF400297C3A /* moose.png in Resources */,
				9031643025EFA498004A1727 /* Assets.xcassets in Resources */,
				90D7668E25EFFBF500297C3A /* dog.png in Resources */,
				9020D06325F0E90C0081CE9B /* ConfettiPop.sks in Resources */,
				90D7668125EFFBF500297C3A /* pig.png in Resources */,
				906482F925E199AF00646826 /* LaunchScreen.storyboard in Resources */,
				90CD55B525EE8EBE00266878 /* cloud1.png in Resources */,
				906482F625E199AF00646826 /* Assets.xcassets in Resources */,
				90D7668425EFFBF500297C3A /* giraffe.png in Resources */,
				90CD55B925EE8EBE00266878 /* cloud4.png in Resources */,
				90D7667D25EFFBF400297C3A /* frog.png in Resources */,
				90BD84AD25ED5FFF00C68771 /* StepperView.xib in Resources */,
				90EF053325F644DA0045D3D6 /* EndView.xib in Resources */,
				90D7668925EFFBF500297C3A /* gorilla.png in Resources */,
				9020D05925F0E6E00081CE9B /* ConfettiCanon.sks in Resources */,
				90D7667B25EFFBF400297C3A /* crocodile.png in Resources */,
				90D7667E25EFFBF400297C3A /* cow.png in Resources */,
				90D7668625EFFBF500297C3A /* chick.png in Resources */,
				90CD55BA25EE8EBE00266878 /* cloud3.png in Resources */,
				90D7668B25EFFBF500297C3A /* parrot.png in Resources */,
				90D7667F25EFFBF400297C3A /* zebra.png in Resources */,
				90CD55B725EE8EBE00266878 /* cloud2.png in Resources */,
				90D7667525EFFBF400297C3A /* monkey.png in Resources */,
				90D7668825EFFBF500297C3A /* sloth.png in Resources */,
				90CD559D25EE829300266878 /* background_grass.png in Resources */,
				903FF08B25F4D10800726F66 /* Clouds.sks in Resources */,
				90CD55BB25EE8EBE00266878 /* cloud7.png in Resources */,
				90D7667C25EFFBF400297C3A /* whale.png in Resources */,
				90D7668725EFFBF500297C3A /* duck.png in Resources */,
				90D7668D25EFFBF500297C3A /* elephant.png in Resources */,
				90D7667425EFFBF400297C3A /* bear.png in Resources */,
				90D7668225EFFBF500297C3A /* rabbit.png in Resources */,
				90D7667825EFFBF400297C3A /* snake.png in Resources */,
				90D7668525EFFBF500297C3A /* rhino.png in Resources */,
				90D7667625EFFBF400297C3A /* penguin.png in Resources */,
				90D7668A25EFFBF500297C3A /* narwhal.png in Resources */,
				90D7668F25EFFBF500297C3A /* goat.png in Resources */,
				90CD559E25EE829300266878 /* background_desert.png in Resources */,
				90D7668C25EFFBF500297C3A /* hippo.png in Resources */,
				9031640325EF96CE004A1727 /* background_house.png in Resources */,
				906482F425E199AB00646826 /* Main.storyboard in Resources */,
				90D7668325EFFBF500297C3A /* chicken.png in Resources */,
				90D7667A25EFFBF400297C3A /* panda.png in Resources */,
				90D7667325EFFBF400297C3A /* horse.png in Resources */,
				90CD559F25EE829300266878 /* background_forest.png in Resources */,
				90CD55B625EE8EBE00266878 /* cloud6.png in Resources */,
			);
			runOnlyForDeploymentPostprocessing = 0;
		};
		906482FD25E199AF00646826 /* Resources */ = {
			isa = PBXResourcesBuildPhase;
			buildActionMask = 2147483647;
			files = (
			);
			runOnlyForDeploymentPostprocessing = 0;
		};
		9064830825E199AF00646826 /* Resources */ = {
			isa = PBXResourcesBuildPhase;
			buildActionMask = 2147483647;
			files = (
			);
			runOnlyForDeploymentPostprocessing = 0;
		};
/* End PBXResourcesBuildPhase section */

/* Begin PBXSourcesBuildPhase section */
		906482E525E199AB00646826 /* Sources */ = {
			isa = PBXSourcesBuildPhase;
			buildActionMask = 2147483647;
			files = (
				90AB89AA25E2753A006FEB04 /* AnswerButton.swift in Sources */,
				90BC3B8125E4EC1000CC3111 /* BigButton.swift in Sources */,
				9064832625E241AE00646826 /* AnimalsScene.swift in Sources */,
				90CD55A825EE8E3100266878 /* CloudScene.swift in Sources */,
				901251DB25F215F200E2B347 /* BackgroundLabel.swift in Sources */,
				907AE3DE25E41A2000F95452 /* GameSettingsViewController.swift in Sources */,
				906482F125E199AB00646826 /* MultiplicationViewController.swift in Sources */,
				901251E325F2254A00E2B347 /* SelectTableCollectionViewCell.swift in Sources */,
				9020D06825F0EB8A0081CE9B /* ConfettiEmitterGenerator.swift in Sources */,
				901251F625F24F1200E2B347 /* SmallButton.swift in Sources */,
				90BD84BA25ED746600C68771 /* StepperButton.swift in Sources */,
				9065535C25E4FA75005FBEEF /* StepRangeSlider.swift in Sources */,
				901EC25425E64477009405B2 /* RangeSliderStepsLayer.swift in Sources */,
				90E4543725E2A16E00A294FA /* Multiplication.swift in Sources */,
				907AE3D925E4149B00F95452 /* MainMenuViewController.swift in Sources */,
				901251F125F249EF00E2B347 /* AdvancedSettingsViewController.swift in Sources */,
				90AC273525E6317A00FBB37E /* ThumbView.swift in Sources */,
				90BD84B225ED60A100C68771 /* StepperView.swift in Sources */,
				90C2DF9C25ECF280006EE404 /* VerticalSlideNavigationAnimator.swift in Sources */,
				9065536B25E61C25005FBEEF /* ThumbLayer.swift in Sources */,
				90EF053E25F645170045D3D6 /* EndView.swift in Sources */,
				906482ED25E199AB00646826 /* AppDelegate.swift in Sources */,
				906482EF25E199AB00646826 /* SceneDelegate.swift in Sources */,
				9090011025ED218900316814 /* Preferences.swift in Sources */,
				90BC3B7C25E4DDEB00CC3111 /* HorizontalSlideNavigationAnimator.swift in Sources */,
			);
			runOnlyForDeploymentPostprocessing = 0;
		};
		906482FB25E199AF00646826 /* Sources */ = {
			isa = PBXSourcesBuildPhase;
			buildActionMask = 2147483647;
			files = (
				9064830425E199AF00646826 /* Education_MultiplicationTests.swift in Sources */,
			);
			runOnlyForDeploymentPostprocessing = 0;
		};
		9064830625E199AF00646826 /* Sources */ = {
			isa = PBXSourcesBuildPhase;
			buildActionMask = 2147483647;
			files = (
				9064830F25E199AF00646826 /* Education_MultiplicationUITests.swift in Sources */,
			);
			runOnlyForDeploymentPostprocessing = 0;
		};
/* End PBXSourcesBuildPhase section */

/* Begin PBXTargetDependency section */
		9064830125E199AF00646826 /* PBXTargetDependency */ = {
			isa = PBXTargetDependency;
			target = 906482E825E199AB00646826 /* Education-Multiplication */;
			targetProxy = 9064830025E199AF00646826 /* PBXContainerItemProxy */;
		};
		9064830C25E199AF00646826 /* PBXTargetDependency */ = {
			isa = PBXTargetDependency;
			target = 906482E825E199AB00646826 /* Education-Multiplication */;
			targetProxy = 9064830B25E199AF00646826 /* PBXContainerItemProxy */;
		};
/* End PBXTargetDependency section */

/* Begin PBXVariantGroup section */
		906482F225E199AB00646826 /* Main.storyboard */ = {
			isa = PBXVariantGroup;
			children = (
				906482F325E199AB00646826 /* Base */,
			);
			name = Main.storyboard;
			sourceTree = "<group>";
		};
		906482F725E199AF00646826 /* LaunchScreen.storyboard */ = {
			isa = PBXVariantGroup;
			children = (
				906482F825E199AF00646826 /* Base */,
			);
			name = LaunchScreen.storyboard;
			sourceTree = "<group>";
		};
/* End PBXVariantGroup section */

/* Begin XCBuildConfiguration section */
		9064831125E199AF00646826 /* Debug */ = {
			isa = XCBuildConfiguration;
			buildSettings = {
				ALWAYS_SEARCH_USER_PATHS = NO;
				CLANG_ANALYZER_NONNULL = YES;
				CLANG_ANALYZER_NUMBER_OBJECT_CONVERSION = YES_AGGRESSIVE;
				CLANG_CXX_LANGUAGE_STANDARD = "gnu++14";
				CLANG_CXX_LIBRARY = "libc++";
				CLANG_ENABLE_MODULES = YES;
				CLANG_ENABLE_OBJC_ARC = YES;
				CLANG_ENABLE_OBJC_WEAK = YES;
				CLANG_WARN_BLOCK_CAPTURE_AUTORELEASING = YES;
				CLANG_WARN_BOOL_CONVERSION = YES;
				CLANG_WARN_COMMA = YES;
				CLANG_WARN_CONSTANT_CONVERSION = YES;
				CLANG_WARN_DEPRECATED_OBJC_IMPLEMENTATIONS = YES;
				CLANG_WARN_DIRECT_OBJC_ISA_USAGE = YES_ERROR;
				CLANG_WARN_DOCUMENTATION_COMMENTS = YES;
				CLANG_WARN_EMPTY_BODY = YES;
				CLANG_WARN_ENUM_CONVERSION = YES;
				CLANG_WARN_INFINITE_RECURSION = YES;
				CLANG_WARN_INT_CONVERSION = YES;
				CLANG_WARN_NON_LITERAL_NULL_CONVERSION = YES;
				CLANG_WARN_OBJC_IMPLICIT_RETAIN_SELF = YES;
				CLANG_WARN_OBJC_LITERAL_CONVERSION = YES;
				CLANG_WARN_OBJC_ROOT_CLASS = YES_ERROR;
				CLANG_WARN_QUOTED_INCLUDE_IN_FRAMEWORK_HEADER = YES;
				CLANG_WARN_RANGE_LOOP_ANALYSIS = YES;
				CLANG_WARN_STRICT_PROTOTYPES = YES;
				CLANG_WARN_SUSPICIOUS_MOVE = YES;
				CLANG_WARN_UNGUARDED_AVAILABILITY = YES_AGGRESSIVE;
				CLANG_WARN_UNREACHABLE_CODE = YES;
				CLANG_WARN__DUPLICATE_METHOD_MATCH = YES;
				COPY_PHASE_STRIP = NO;
				DEBUG_INFORMATION_FORMAT = dwarf;
				ENABLE_STRICT_OBJC_MSGSEND = YES;
				ENABLE_TESTABILITY = YES;
				GCC_C_LANGUAGE_STANDARD = gnu11;
				GCC_DYNAMIC_NO_PIC = NO;
				GCC_NO_COMMON_BLOCKS = YES;
				GCC_OPTIMIZATION_LEVEL = 0;
				GCC_PREPROCESSOR_DEFINITIONS = (
					"DEBUG=1",
					"$(inherited)",
				);
				GCC_WARN_64_TO_32_BIT_CONVERSION = YES;
				GCC_WARN_ABOUT_RETURN_TYPE = YES_ERROR;
				GCC_WARN_UNDECLARED_SELECTOR = YES;
				GCC_WARN_UNINITIALIZED_AUTOS = YES_AGGRESSIVE;
				GCC_WARN_UNUSED_FUNCTION = YES;
				GCC_WARN_UNUSED_VARIABLE = YES;
				IPHONEOS_DEPLOYMENT_TARGET = 14.4;
				MTL_ENABLE_DEBUG_INFO = INCLUDE_SOURCE;
				MTL_FAST_MATH = YES;
				ONLY_ACTIVE_ARCH = YES;
				SDKROOT = iphoneos;
				SWIFT_ACTIVE_COMPILATION_CONDITIONS = DEBUG;
				SWIFT_OPTIMIZATION_LEVEL = "-Onone";
			};
			name = Debug;
		};
		9064831225E199AF00646826 /* Release */ = {
			isa = XCBuildConfiguration;
			buildSettings = {
				ALWAYS_SEARCH_USER_PATHS = NO;
				CLANG_ANALYZER_NONNULL = YES;
				CLANG_ANALYZER_NUMBER_OBJECT_CONVERSION = YES_AGGRESSIVE;
				CLANG_CXX_LANGUAGE_STANDARD = "gnu++14";
				CLANG_CXX_LIBRARY = "libc++";
				CLANG_ENABLE_MODULES = YES;
				CLANG_ENABLE_OBJC_ARC = YES;
				CLANG_ENABLE_OBJC_WEAK = YES;
				CLANG_WARN_BLOCK_CAPTURE_AUTORELEASING = YES;
				CLANG_WARN_BOOL_CONVERSION = YES;
				CLANG_WARN_COMMA = YES;
				CLANG_WARN_CONSTANT_CONVERSION = YES;
				CLANG_WARN_DEPRECATED_OBJC_IMPLEMENTATIONS = YES;
				CLANG_WARN_DIRECT_OBJC_ISA_USAGE = YES_ERROR;
				CLANG_WARN_DOCUMENTATION_COMMENTS = YES;
				CLANG_WARN_EMPTY_BODY = YES;
				CLANG_WARN_ENUM_CONVERSION = YES;
				CLANG_WARN_INFINITE_RECURSION = YES;
				CLANG_WARN_INT_CONVERSION = YES;
				CLANG_WARN_NON_LITERAL_NULL_CONVERSION = YES;
				CLANG_WARN_OBJC_IMPLICIT_RETAIN_SELF = YES;
				CLANG_WARN_OBJC_LITERAL_CONVERSION = YES;
				CLANG_WARN_OBJC_ROOT_CLASS = YES_ERROR;
				CLANG_WARN_QUOTED_INCLUDE_IN_FRAMEWORK_HEADER = YES;
				CLANG_WARN_RANGE_LOOP_ANALYSIS = YES;
				CLANG_WARN_STRICT_PROTOTYPES = YES;
				CLANG_WARN_SUSPICIOUS_MOVE = YES;
				CLANG_WARN_UNGUARDED_AVAILABILITY = YES_AGGRESSIVE;
				CLANG_WARN_UNREACHABLE_CODE = YES;
				CLANG_WARN__DUPLICATE_METHOD_MATCH = YES;
				COPY_PHASE_STRIP = NO;
				DEBUG_INFORMATION_FORMAT = "dwarf-with-dsym";
				ENABLE_NS_ASSERTIONS = NO;
				ENABLE_STRICT_OBJC_MSGSEND = YES;
				GCC_C_LANGUAGE_STANDARD = gnu11;
				GCC_NO_COMMON_BLOCKS = YES;
				GCC_WARN_64_TO_32_BIT_CONVERSION = YES;
				GCC_WARN_ABOUT_RETURN_TYPE = YES_ERROR;
				GCC_WARN_UNDECLARED_SELECTOR = YES;
				GCC_WARN_UNINITIALIZED_AUTOS = YES_AGGRESSIVE;
				GCC_WARN_UNUSED_FUNCTION = YES;
				GCC_WARN_UNUSED_VARIABLE = YES;
				IPHONEOS_DEPLOYMENT_TARGET = 14.4;
				MTL_ENABLE_DEBUG_INFO = NO;
				MTL_FAST_MATH = YES;
				SDKROOT = iphoneos;
				SWIFT_COMPILATION_MODE = wholemodule;
				SWIFT_OPTIMIZATION_LEVEL = "-O";
				VALIDATE_PRODUCT = YES;
			};
			name = Release;
		};
		9064831425E199AF00646826 /* Debug */ = {
			isa = XCBuildConfiguration;
			buildSettings = {
				ASSETCATALOG_COMPILER_APPICON_NAME = AppIcon;
				ASSETCATALOG_COMPILER_GLOBAL_ACCENT_COLOR_NAME = AccentColor;
				CODE_SIGN_STYLE = Automatic;
				CURRENT_PROJECT_VERSION = 1.2;
				DEVELOPMENT_TEAM = V96W3CYNBB;
				INFOPLIST_FILE = "Education-Multiplication/Info.plist";
				LD_RUNPATH_SEARCH_PATHS = (
					"$(inherited)",
					"@executable_path/Frameworks",
				);
				MARKETING_VERSION = 1.2;
				PRODUCT_BUNDLE_IDENTIFIER = com.erlemaitre.Multiplication;
				PRODUCT_NAME = "$(TARGET_NAME)";
				SWIFT_VERSION = 5.0;
				TARGETED_DEVICE_FAMILY = "1,2";
			};
			name = Debug;
		};
		9064831525E199AF00646826 /* Release */ = {
			isa = XCBuildConfiguration;
			buildSettings = {
				ASSETCATALOG_COMPILER_APPICON_NAME = AppIcon;
				ASSETCATALOG_COMPILER_GLOBAL_ACCENT_COLOR_NAME = AccentColor;
				CODE_SIGN_STYLE = Automatic;
				CURRENT_PROJECT_VERSION = 1.2;
				DEVELOPMENT_TEAM = V96W3CYNBB;
				INFOPLIST_FILE = "Education-Multiplication/Info.plist";
				LD_RUNPATH_SEARCH_PATHS = (
					"$(inherited)",
					"@executable_path/Frameworks",
				);
				MARKETING_VERSION = 1.2;
				PRODUCT_BUNDLE_IDENTIFIER = com.erlemaitre.Multiplication;
				PRODUCT_NAME = "$(TARGET_NAME)";
				SWIFT_VERSION = 5.0;
				TARGETED_DEVICE_FAMILY = "1,2";
			};
			name = Release;
		};
		9064831725E199AF00646826 /* Debug */ = {
			isa = XCBuildConfiguration;
			buildSettings = {
				ALWAYS_EMBED_SWIFT_STANDARD_LIBRARIES = YES;
				BUNDLE_LOADER = "$(TEST_HOST)";
				CODE_SIGN_STYLE = Automatic;
				DEVELOPMENT_TEAM = V96W3CYNBB;
				INFOPLIST_FILE = "Education-MultiplicationTests/Info.plist";
				IPHONEOS_DEPLOYMENT_TARGET = 14.4;
				LD_RUNPATH_SEARCH_PATHS = (
					"$(inherited)",
					"@executable_path/Frameworks",
					"@loader_path/Frameworks",
				);
				PRODUCT_BUNDLE_IDENTIFIER = "erlemaitre.Education-MultiplicationTests";
				PRODUCT_NAME = "$(TARGET_NAME)";
				SWIFT_VERSION = 5.0;
				TARGETED_DEVICE_FAMILY = "1,2";
				TEST_HOST = "$(BUILT_PRODUCTS_DIR)/Education-Multiplication.app/Education-Multiplication";
			};
			name = Debug;
		};
		9064831825E199AF00646826 /* Release */ = {
			isa = XCBuildConfiguration;
			buildSettings = {
				ALWAYS_EMBED_SWIFT_STANDARD_LIBRARIES = YES;
				BUNDLE_LOADER = "$(TEST_HOST)";
				CODE_SIGN_STYLE = Automatic;
				DEVELOPMENT_TEAM = V96W3CYNBB;
				INFOPLIST_FILE = "Education-MultiplicationTests/Info.plist";
				IPHONEOS_DEPLOYMENT_TARGET = 14.4;
				LD_RUNPATH_SEARCH_PATHS = (
					"$(inherited)",
					"@executable_path/Frameworks",
					"@loader_path/Frameworks",
				);
				PRODUCT_BUNDLE_IDENTIFIER = "erlemaitre.Education-MultiplicationTests";
				PRODUCT_NAME = "$(TARGET_NAME)";
				SWIFT_VERSION = 5.0;
				TARGETED_DEVICE_FAMILY = "1,2";
				TEST_HOST = "$(BUILT_PRODUCTS_DIR)/Education-Multiplication.app/Education-Multiplication";
			};
			name = Release;
		};
		9064831A25E199AF00646826 /* Debug */ = {
			isa = XCBuildConfiguration;
			buildSettings = {
				ALWAYS_EMBED_SWIFT_STANDARD_LIBRARIES = YES;
				CODE_SIGN_STYLE = Automatic;
				DEVELOPMENT_TEAM = V96W3CYNBB;
				INFOPLIST_FILE = "Education-MultiplicationUITests/Info.plist";
				LD_RUNPATH_SEARCH_PATHS = (
					"$(inherited)",
					"@executable_path/Frameworks",
					"@loader_path/Frameworks",
				);
				PRODUCT_BUNDLE_IDENTIFIER = "erlemaitre.Education-MultiplicationUITests";
				PRODUCT_NAME = "$(TARGET_NAME)";
				SWIFT_VERSION = 5.0;
				TARGETED_DEVICE_FAMILY = "1,2";
				TEST_TARGET_NAME = "Education-Multiplication";
			};
			name = Debug;
		};
		9064831B25E199AF00646826 /* Release */ = {
			isa = XCBuildConfiguration;
			buildSettings = {
				ALWAYS_EMBED_SWIFT_STANDARD_LIBRARIES = YES;
				CODE_SIGN_STYLE = Automatic;
				DEVELOPMENT_TEAM = V96W3CYNBB;
				INFOPLIST_FILE = "Education-MultiplicationUITests/Info.plist";
				LD_RUNPATH_SEARCH_PATHS = (
					"$(inherited)",
					"@executable_path/Frameworks",
					"@loader_path/Frameworks",
				);
				PRODUCT_BUNDLE_IDENTIFIER = "erlemaitre.Education-MultiplicationUITests";
				PRODUCT_NAME = "$(TARGET_NAME)";
				SWIFT_VERSION = 5.0;
				TARGETED_DEVICE_FAMILY = "1,2";
				TEST_TARGET_NAME = "Education-Multiplication";
			};
			name = Release;
		};
/* End XCBuildConfiguration section */

/* Begin XCConfigurationList section */
		906482E425E199AB00646826 /* Build configuration list for PBXProject "Education-Multiplication" */ = {
			isa = XCConfigurationList;
			buildConfigurations = (
				9064831125E199AF00646826 /* Debug */,
				9064831225E199AF00646826 /* Release */,
			);
			defaultConfigurationIsVisible = 0;
			defaultConfigurationName = Release;
		};
		9064831325E199AF00646826 /* Build configuration list for PBXNativeTarget "Education-Multiplication" */ = {
			isa = XCConfigurationList;
			buildConfigurations = (
				9064831425E199AF00646826 /* Debug */,
				9064831525E199AF00646826 /* Release */,
			);
			defaultConfigurationIsVisible = 0;
			defaultConfigurationName = Release;
		};
		9064831625E199AF00646826 /* Build configuration list for PBXNativeTarget "Education-MultiplicationTests" */ = {
			isa = XCConfigurationList;
			buildConfigurations = (
				9064831725E199AF00646826 /* Debug */,
				9064831825E199AF00646826 /* Release */,
			);
			defaultConfigurationIsVisible = 0;
			defaultConfigurationName = Release;
		};
		9064831925E199AF00646826 /* Build configuration list for PBXNativeTarget "Education-MultiplicationUITests" */ = {
			isa = XCConfigurationList;
			buildConfigurations = (
				9064831A25E199AF00646826 /* Debug */,
				9064831B25E199AF00646826 /* Release */,
			);
			defaultConfigurationIsVisible = 0;
			defaultConfigurationName = Release;
		};
/* End XCConfigurationList section */
	};
	rootObject = 906482E125E199AB00646826 /* Project object */;
}
